// !$*UTF8*$!
{
	archiveVersion = 1;
	classes = {
	};
	objectVersion = 46;
	objects = {

/* Begin PBXBuildFile section */
		0DFFFC711CA818780070F5E9 /* LFAlertController.swift in Sources */ = {isa = PBXBuildFile; fileRef = 0DFFFC701CA818780070F5E9 /* LFAlertController.swift */; };
		C2C1A6801C7F99C000B337AF /* AppDelegate.swift in Sources */ = {isa = PBXBuildFile; fileRef = C2C1A67F1C7F99C000B337AF /* AppDelegate.swift */; };
		C2C1A6821C7F99C000B337AF /* ViewController.swift in Sources */ = {isa = PBXBuildFile; fileRef = C2C1A6811C7F99C000B337AF /* ViewController.swift */; };
		C2C1A6871C7F99C000B337AF /* Assets.xcassets in Resources */ = {isa = PBXBuildFile; fileRef = C2C1A6861C7F99C000B337AF /* Assets.xcassets */; };
		C2C1A68A1C7F99C000B337AF /* LaunchScreen.storyboard in Resources */ = {isa = PBXBuildFile; fileRef = C2C1A6881C7F99C000B337AF /* LaunchScreen.storyboard */; };
		C2C1A6921C7F9A7C00B337AF /* Main.storyboard in Resources */ = {isa = PBXBuildFile; fileRef = C2C1A6911C7F9A7C00B337AF /* Main.storyboard */; };
/* End PBXBuildFile section */

/* Begin PBXFileReference section */
		0DFFFC701CA818780070F5E9 /* LFAlertController.swift */ = {isa = PBXFileReference; fileEncoding = 4; lastKnownFileType = sourcecode.swift; name = LFAlertController.swift; path = ../../Source/LFAlertController.swift; sourceTree = "<group>"; };
		C2C1A67C1C7F99C000B337AF /* LFAlertControllerExample.app */ = {isa = PBXFileReference; explicitFileType = wrapper.application; includeInIndex = 0; path = LFAlertControllerExample.app; sourceTree = BUILT_PRODUCTS_DIR; };
		C2C1A67F1C7F99C000B337AF /* AppDelegate.swift */ = {isa = PBXFileReference; lastKnownFileType = sourcecode.swift; path = AppDelegate.swift; sourceTree = "<group>"; };
		C2C1A6811C7F99C000B337AF /* ViewController.swift */ = {isa = PBXFileReference; lastKnownFileType = sourcecode.swift; path = ViewController.swift; sourceTree = "<group>"; };
		C2C1A6861C7F99C000B337AF /* Assets.xcassets */ = {isa = PBXFileReference; lastKnownFileType = folder.assetcatalog; path = Assets.xcassets; sourceTree = "<group>"; };
		C2C1A6891C7F99C000B337AF /* Base */ = {isa = PBXFileReference; lastKnownFileType = file.storyboard; name = Base; path = Base.lproj/LaunchScreen.storyboard; sourceTree = "<group>"; };
		C2C1A68B1C7F99C000B337AF /* Info.plist */ = {isa = PBXFileReference; lastKnownFileType = text.plist.xml; path = Info.plist; sourceTree = "<group>"; };
		C2C1A6911C7F9A7C00B337AF /* Main.storyboard */ = {isa = PBXFileReference; fileEncoding = 4; lastKnownFileType = file.storyboard; path = Main.storyboard; sourceTree = "<group>"; };
/* End PBXFileReference section */

/* Begin PBXFrameworksBuildPhase section */
		C2C1A6791C7F99C000B337AF /* Frameworks */ = {
			isa = PBXFrameworksBuildPhase;
			buildActionMask = 2147483647;
			files = (
			);
			runOnlyForDeploymentPostprocessing = 0;
		};
/* End PBXFrameworksBuildPhase section */

/* Begin PBXGroup section */
		C2C1A6731C7F99C000B337AF = {
			isa = PBXGroup;
			children = (
				C2C1A67E1C7F99C000B337AF /* LFAlertControllerExample */,
				C2C1A67D1C7F99C000B337AF /* Products */,
			);
			sourceTree = "<group>";
		};
		C2C1A67D1C7F99C000B337AF /* Products */ = {
			isa = PBXGroup;
			children = (
				C2C1A67C1C7F99C000B337AF /* LFAlertControllerExample.app */,
			);
			name = Products;
			sourceTree = "<group>";
		};
		C2C1A67E1C7F99C000B337AF /* LFAlertControllerExample */ = {
			isa = PBXGroup;
			children = (
				C2C1A67F1C7F99C000B337AF /* AppDelegate.swift */,
				C2C1A6811C7F99C000B337AF /* ViewController.swift */,
				0DFFFC701CA818780070F5E9 /* LFAlertController.swift */,
				C2C1A6911C7F9A7C00B337AF /* Main.storyboard */,
				C2C1A6861C7F99C000B337AF /* Assets.xcassets */,
				C2C1A6881C7F99C000B337AF /* LaunchScreen.storyboard */,
				C2C1A68B1C7F99C000B337AF /* Info.plist */,
			);
			path = LFAlertControllerExample;
			sourceTree = "<group>";
		};
/* End PBXGroup section */

/* Begin PBXNativeTarget section */
		C2C1A67B1C7F99C000B337AF /* LFAlertControllerExample */ = {
			isa = PBXNativeTarget;
			buildConfigurationList = C2C1A68E1C7F99C000B337AF /* Build configuration list for PBXNativeTarget "LFAlertControllerExample" */;
			buildPhases = (
				C2C1A6781C7F99C000B337AF /* Sources */,
				C2C1A6791C7F99C000B337AF /* Frameworks */,
				C2C1A67A1C7F99C000B337AF /* Resources */,
			);
			buildRules = (
			);
			dependencies = (
			);
			name = LFAlertControllerExample;
			productName = LFAlertControllerExample;
			productReference = C2C1A67C1C7F99C000B337AF /* LFAlertControllerExample.app */;
			productType = "com.apple.product-type.application";
		};
/* End PBXNativeTarget section */

/* Begin PBXProject section */
		C2C1A6741C7F99C000B337AF /* Project object */ = {
			isa = PBXProject;
			attributes = {
				LastSwiftUpdateCheck = 0720;
				LastUpgradeCheck = 0720;
				ORGANIZATIONNAME = "Lucas Farah";
				TargetAttributes = {
					C2C1A67B1C7F99C000B337AF = {
						CreatedOnToolsVersion = 7.2;
					};
				};
			};
			buildConfigurationList = C2C1A6771C7F99C000B337AF /* Build configuration list for PBXProject "LFAlertControllerExample" */;
			compatibilityVersion = "Xcode 3.2";
			developmentRegion = English;
			hasScannedForEncodings = 0;
			knownRegions = (
				en,
				Base,
			);
			mainGroup = C2C1A6731C7F99C000B337AF;
			productRefGroup = C2C1A67D1C7F99C000B337AF /* Products */;
			projectDirPath = "";
			projectRoot = "";
			targets = (
				C2C1A67B1C7F99C000B337AF /* LFAlertControllerExample */,
			);
		};
/* End PBXProject section */

/* Begin PBXResourcesBuildPhase section */
		C2C1A67A1C7F99C000B337AF /* Resources */ = {
			isa = PBXResourcesBuildPhase;
			buildActionMask = 2147483647;
			files = (
				C2C1A68A1C7F99C000B337AF /* LaunchScreen.storyboard in Resources */,
				C2C1A6871C7F99C000B337AF /* Assets.xcassets in Resources */,
				C2C1A6921C7F9A7C00B337AF /* Main.storyboard in Resources */,
			);
			runOnlyForDeploymentPostprocessing = 0;
		};
/* End PBXResourcesBuildPhase section */

/* Begin PBXSourcesBuildPhase section */
		C2C1A6781C7F99C000B337AF /* Sources */ = {
			isa = PBXSourcesBuildPhase;
			buildActionMask = 2147483647;
			files = (
				C2C1A6821C7F99C000B337AF /* ViewController.swift in Sources */,
				C2C1A6801C7F99C000B337AF /* AppDelegate.swift in Sources */,
				0DFFFC711CA818780070F5E9 /* LFAlertController.swift in Sources */,
			);
			runOnlyForDeploymentPostprocessing = 0;
		};
/* End PBXSourcesBuildPhase section */

/* Begin PBXVariantGroup section */
		C2C1A6881C7F99C000B337AF /* LaunchScreen.storyboard */ = {
			isa = PBXVariantGroup;
			children = (
				C2C1A6891C7F99C000B337AF /* Base */,
			);
			name = LaunchScreen.storyboard;
			sourceTree = "<group>";
		};
/* End PBXVariantGroup section */

/* Begin XCBuildConfiguration section */
		C2C1A68C1C7F99C000B337AF /* Debug */ = {
			isa = XCBuildConfiguration;
			buildSettings = {
				ALWAYS_SEARCH_USER_PATHS = NO;
				CLANG_CXX_LANGUAGE_STANDARD = "gnu++0x";
				CLANG_CXX_LIBRARY = "libc++";
				CLANG_ENABLE_MODULES = YES;
				CLANG_ENABLE_OBJC_ARC = YES;
				CLANG_WARN_BOOL_CONVERSION = YES;
				CLANG_WARN_CONSTANT_CONVERSION = YES;
				CLANG_WARN_DIRECT_OBJC_ISA_USAGE = YES_ERROR;
				CLANG_WARN_EMPTY_BODY = YES;
				CLANG_WARN_ENUM_CONVERSION = YES;
				CLANG_WARN_INT_CONVERSION = YES;
				CLANG_WARN_OBJC_ROOT_CLASS = YES_ERROR;
				CLANG_WARN_UNREACHABLE_CODE = YES;
				CLANG_WARN__DUPLICATE_METHOD_MATCH = YES;
				"CODE_SIGN_IDENTITY[sdk=iphoneos*]" = "iPhone Developer";
				COPY_PHASE_STRIP = NO;
				DEBUG_INFORMATION_FORMAT = dwarf;
				ENABLE_STRICT_OBJC_MSGSEND = YES;
				ENABLE_TESTABILITY = YES;
				GCC_C_LANGUAGE_STANDARD = gnu99;
				GCC_DYNAMIC_NO_PIC = NO;
				GCC_NO_COMMON_BLOCKS = YES;
				GCC_OPTIMIZATION_LEVEL = 0;
				GCC_PREPROCESSOR_DEFINITIONS = (
					"DEBUG=1",
					"$(inherited)",
				);
				GCC_WARN_64_TO_32_BIT_CONVERSION = YES;
				GCC_WARN_ABOUT_RETURN_TYPE = YES_ERROR;
				GCC_WARN_UNDECLARED_SELECTOR = YES;
				GCC_WARN_UNINITIALIZED_AUTOS = YES_AGGRESSIVE;
				GCC_WARN_UNUSED_FUNCTION = YES;
				GCC_WARN_UNUSED_VARIABLE = YES;
				IPHONEOS_DEPLOYMENT_TARGET = 9.2;
				MTL_ENABLE_DEBUG_INFO = YES;
				ONLY_ACTIVE_ARCH = YES;
				SDKROOT = iphoneos;
				SWIFT_OPTIMIZATION_LEVEL = "-Onone";
			};
			name = Debug;
		};
		C2C1A68D1C7F99C000B337AF /* Release */ = {
			isa = XCBuildConfiguration;
			buildSettings = {
				ALWAYS_SEARCH_USER_PATHS = NO;
				CLANG_CXX_LANGUAGE_STANDARD = "gnu++0x";
				CLANG_CXX_LIBRARY = "libc++";
				CLANG_ENABLE_MODULES = YES;
				CLANG_ENABLE_OBJC_ARC = YES;
				CLANG_WARN_BOOL_CONVERSION = YES;
				CLANG_WARN_CONSTANT_CONVERSION = YES;
				CLANG_WARN_DIRECT_OBJC_ISA_USAGE = YES_ERROR;
				CLANG_WARN_EMPTY_BODY = YES;
				CLANG_WARN_ENUM_CONVERSION = YES;
				CLANG_WARN_INT_CONVERSION = YES;
				CLANG_WARN_OBJC_ROOT_CLASS = YES_ERROR;
				CLANG_WARN_UNREACHABLE_CODE = YES;
				CLANG_WARN__DUPLICATE_METHOD_MATCH = YES;
				"CODE_SIGN_IDENTITY[sdk=iphoneos*]" = "iPhone Developer";
				COPY_PHASE_STRIP = NO;
				DEBUG_INFORMATION_FORMAT = "dwarf-with-dsym";
				ENABLE_NS_ASSERTIONS = NO;
				ENABLE_STRICT_OBJC_MSGSEND = YES;
				GCC_C_LANGUAGE_STANDARD = gnu99;
				GCC_NO_COMMON_BLOCKS = YES;
				GCC_WARN_64_TO_32_BIT_CONVERSION = YES;
				GCC_WARN_ABOUT_RETURN_TYPE = YES_ERROR;
				GCC_WARN_UNDECLARED_SELECTOR = YES;
				GCC_WARN_UNINITIALIZED_AUTOS = YES_AGGRESSIVE;
				GCC_WARN_UNUSED_FUNCTION = YES;
				GCC_WARN_UNUSED_VARIABLE = YES;
				IPHONEOS_DEPLOYMENT_TARGET = 9.2;
				MTL_ENABLE_DEBUG_INFO = NO;
				SDKROOT = iphoneos;
				VALIDATE_PRODUCT = YES;
			};
			name = Release;
		};
		C2C1A68F1C7F99C000B337AF /* Debug */ = {
			isa = XCBuildConfiguration;
			buildSettings = {
				ASSETCATALOG_COMPILER_APPICON_NAME = AppIcon;
				INFOPLIST_FILE = LFAlertControllerExample/Info.plist;
				LD_RUNPATH_SEARCH_PATHS = "$(inherited) @executable_path/Frameworks";
				PRODUCT_BUNDLE_IDENTIFIER = farah.lucas.LFAlertControllerExample;
				PRODUCT_NAME = "$(TARGET_NAME)";
			};
			name = Debug;
		};
		C2C1A6901C7F99C000B337AF /* Release */ = {
			isa = XCBuildConfiguration;
			buildSettings = {
				ASSETCATALOG_COMPILER_APPICON_NAME = AppIcon;
				INFOPLIST_FILE = LFAlertControllerExample/Info.plist;
				LD_RUNPATH_SEARCH_PATHS = "$(inherited) @executable_path/Frameworks";
				PRODUCT_BUNDLE_IDENTIFIER = farah.lucas.LFAlertControllerExample;
				PRODUCT_NAME = "$(TARGET_NAME)";
			};
			name = Release;
		};
/* End XCBuildConfiguration section */

/* Begin XCConfigurationList section */
		C2C1A6771C7F99C000B337AF /* Build configuration list for PBXProject "LFAlertControllerExample" */ = {
			isa = XCConfigurationList;
			buildConfigurations = (
				C2C1A68C1C7F99C000B337AF /* Debug */,
				C2C1A68D1C7F99C000B337AF /* Release */,
			);
			defaultConfigurationIsVisible = 0;
			defaultConfigurationName = Release;
		};
		C2C1A68E1C7F99C000B337AF /* Build configuration list for PBXNativeTarget "LFAlertControllerExample" */ = {
			isa = XCConfigurationList;
			buildConfigurations = (
				C2C1A68F1C7F99C000B337AF /* Debug */,
				C2C1A6901C7F99C000B337AF /* Release */,
			);
			defaultConfigurationIsVisible = 0;
			defaultConfigurationName = Release;
		};
/* End XCConfigurationList section */
	};
	rootObject = C2C1A6741C7F99C000B337AF /* Project object */;
}
